PODS:
  - HyBid (2.5.1):
    - HyBid/Banner (= 2.5.1)
    - HyBid/Core (= 2.5.1)
    - HyBid/FullScreen (= 2.5.1)
    - HyBid/Native (= 2.5.1)
    - HyBid/RewardedVideo (= 2.5.1)
  - HyBid/Banner (2.5.1):
    - HyBid/Core
  - HyBid/Core (2.5.1)
  - HyBid/FullScreen (2.5.1):
    - HyBid/Core
  - HyBid/Native (2.5.1):
    - HyBid/Core
  - HyBid/RewardedVideo (2.5.1):
    - HyBid/Core
  - MoPub-HyBid-Adapters (2.5.1.0):
    - HyBid (= 2.5.1)
    - mopub-ios-sdk (~> 5.17.0)
  - mopub-ios-sdk (5.17.0):
    - mopub-ios-sdk/MoPubSDK (= 5.17.0)
  - mopub-ios-sdk/Core (5.17.0)
  - mopub-ios-sdk/MoPubSDK (5.17.0):
    - mopub-ios-sdk/Core
    - mopub-ios-sdk/NativeAds
  - mopub-ios-sdk/NativeAds (5.17.0):
    - mopub-ios-sdk/Core

DEPENDENCIES:
  - MoPub-HyBid-Adapters (= 2.5.1.0)

SPEC REPOS:
  trunk:
    - HyBid
    - MoPub-HyBid-Adapters
    - mopub-ios-sdk

SPEC CHECKSUMS:
  HyBid: 456b7fe5dcb720b3d534762f54d83628cdcb2bfc
  MoPub-HyBid-Adapters: 7c742df00666b348bf4c0443108687577c979eb5
  mopub-ios-sdk: 36d322902674b79b0560a1cb8d15af0548d364ea

PODFILE CHECKSUM: 5ecd961b3d4c7915e92205231c04af27e24bc1fd

COCOAPODS: 1.10.1
