PODS:
  - HyBid (2.8.0):
    - HyBid/Banner (= 2.8.0)
    - HyBid/Core (= 2.8.0)
    - HyBid/FullScreen (= 2.8.0)
    - HyBid/Native (= 2.8.0)
    - HyBid/RewardedVideo (= 2.8.0)
  - HyBid/Banner (2.8.0):
    - HyBid/Core
  - HyBid/Core (2.8.0)
  - HyBid/FullScreen (2.8.0):
    - HyBid/Core
  - HyBid/Native (2.8.0):
    - HyBid/Core
  - HyBid/RewardedVideo (2.8.0):
    - HyBid/Core
  - MoPub-HyBid-Adapters (2.8.0.0):
    - HyBid (= 2.8.0)
    - mopub-ios-sdk (~> 5.18.0)
  - mopub-ios-sdk (5.18.2):
    - mopub-ios-sdk/MoPubSDK (= 5.18.2)
  - mopub-ios-sdk/Core (5.18.2)
  - mopub-ios-sdk/MoPubSDK (5.18.2):
    - mopub-ios-sdk/Core
    - mopub-ios-sdk/NativeAds
  - mopub-ios-sdk/NativeAds (5.18.2):
    - mopub-ios-sdk/Core

DEPENDENCIES:
  - MoPub-HyBid-Adapters (= 2.8.0.0)

SPEC REPOS:
  trunk:
    - HyBid
    - MoPub-HyBid-Adapters
    - mopub-ios-sdk

SPEC CHECKSUMS:
  HyBid: 34ea02497660c55fa9b1c99a419ab08226351f38
  MoPub-HyBid-Adapters: b725af32595496ba2b1057c3cdb6f80acce64512
  mopub-ios-sdk: 39dd404dc791e543979b91aa8e3b27197af91377

PODFILE CHECKSUM: d8673abbc076c26ccae4bf5f3ddc6bfc857f0a4b

COCOAPODS: 1.10.2
