PODS:
  - HyBid (2.6.3):
    - HyBid/Banner (= 2.6.3)
    - HyBid/Core (= 2.6.3)
    - HyBid/FullScreen (= 2.6.3)
    - HyBid/Native (= 2.6.3)
    - HyBid/RewardedVideo (= 2.6.3)
  - HyBid/Banner (2.6.3):
    - HyBid/Core
  - HyBid/Core (2.6.3)
  - HyBid/FullScreen (2.6.3):
    - HyBid/Core
  - HyBid/Native (2.6.3):
    - HyBid/Core
  - HyBid/RewardedVideo (2.6.3):
    - HyBid/Core
  - MoPub-HyBid-Adapters (2.6.3.0):
    - HyBid (= 2.6.3)
    - mopub-ios-sdk (~> 5.18.0)
  - mopub-ios-sdk (5.18.0):
    - mopub-ios-sdk/MoPubSDK (= 5.18.0)
  - mopub-ios-sdk/Core (5.18.0)
  - mopub-ios-sdk/MoPubSDK (5.18.0):
    - mopub-ios-sdk/Core
    - mopub-ios-sdk/NativeAds
  - mopub-ios-sdk/NativeAds (5.18.0):
    - mopub-ios-sdk/Core

DEPENDENCIES:
  - MoPub-HyBid-Adapters (= 2.6.3.0)

SPEC REPOS:
  trunk:
    - HyBid
    - MoPub-HyBid-Adapters
    - mopub-ios-sdk

SPEC CHECKSUMS:
  HyBid: 4d1d258e6e836a567b169d8aa2054a8366b44e5b
  MoPub-HyBid-Adapters: a5fa181054b171f39bbc26530504a95ccda836f5
  mopub-ios-sdk: d7b533646d96a075e578e8af9598794f2dfb7f7b

PODFILE CHECKSUM: 1f3cc829e0f26015a132970e6536ff2f728d2908

COCOAPODS: 1.10.1
