// !$*UTF8*$!
{
	archiveVersion = 1;
	classes = {
	};
	objectVersion = 50;
	objects = {

/* Begin PBXBuildFile section */
		5ACB2C3F26680A34005B8E0C /* AppDelegate.swift in Sources */ = {isa = PBXBuildFile; fileRef = 5ACB2C3E26680A34005B8E0C /* AppDelegate.swift */; };
		5ACB2C4126680A34005B8E0C /* SceneDelegate.swift in Sources */ = {isa = PBXBuildFile; fileRef = 5ACB2C4026680A34005B8E0C /* SceneDelegate.swift */; };
		5ACB2C4326680A34005B8E0C /* ViewController.swift in Sources */ = {isa = PBXBuildFile; fileRef = 5ACB2C4226680A34005B8E0C /* ViewController.swift */; };
		5ACB2C4626680A34005B8E0C /* Main.storyboard in Resources */ = {isa = PBXBuildFile; fileRef = 5ACB2C4426680A34005B8E0C /* Main.storyboard */; };
		5ACB2C4826680A35005B8E0C /* Assets.xcassets in Resources */ = {isa = PBXBuildFile; fileRef = 5ACB2C4726680A35005B8E0C /* Assets.xcassets */; };
		5ACB2C4B26680A35005B8E0C /* LaunchScreen.storyboard in Resources */ = {isa = PBXBuildFile; fileRef = 5ACB2C4926680A35005B8E0C /* LaunchScreen.storyboard */; };
		D5535D117CEC3FE7858536D3 /* Pods_MoPub_Mediation_Demo.framework in Frameworks */ = {isa = PBXBuildFile; fileRef = 80B7BD7A22C1CA2FB543AD14 /* Pods_MoPub_Mediation_Demo.framework */; };
/* End PBXBuildFile section */

/* Begin PBXFileReference section */
		53AC90E89F70DAA2070FF49F /* Pods-MoPub Mediation Demo.debug.xcconfig */ = {isa = PBXFileReference; includeInIndex = 1; lastKnownFileType = text.xcconfig; name = "Pods-MoPub Mediation Demo.debug.xcconfig"; path = "Target Support Files/Pods-MoPub Mediation Demo/Pods-MoPub Mediation Demo.debug.xcconfig"; sourceTree = "<group>"; };
		5A3F6B2F0C710C6B4A947374 /* Pods-MoPub Mediation Demo.release.xcconfig */ = {isa = PBXFileReference; includeInIndex = 1; lastKnownFileType = text.xcconfig; name = "Pods-MoPub Mediation Demo.release.xcconfig"; path = "Target Support Files/Pods-MoPub Mediation Demo/Pods-MoPub Mediation Demo.release.xcconfig"; sourceTree = "<group>"; };
		5ACB2C3B26680A34005B8E0C /* MoPub Mediation Demo.app */ = {isa = PBXFileReference; explicitFileType = wrapper.application; includeInIndex = 0; path = "MoPub Mediation Demo.app"; sourceTree = BUILT_PRODUCTS_DIR; };
		5ACB2C3E26680A34005B8E0C /* AppDelegate.swift */ = {isa = PBXFileReference; lastKnownFileType = sourcecode.swift; path = AppDelegate.swift; sourceTree = "<group>"; };
		5ACB2C4026680A34005B8E0C /* SceneDelegate.swift */ = {isa = PBXFileReference; lastKnownFileType = sourcecode.swift; path = SceneDelegate.swift; sourceTree = "<group>"; };
		5ACB2C4226680A34005B8E0C /* ViewController.swift */ = {isa = PBXFileReference; lastKnownFileType = sourcecode.swift; path = ViewController.swift; sourceTree = "<group>"; };
		5ACB2C4526680A34005B8E0C /* Base */ = {isa = PBXFileReference; lastKnownFileType = file.storyboard; name = Base; path = Base.lproj/Main.storyboard; sourceTree = "<group>"; };
		5ACB2C4726680A35005B8E0C /* Assets.xcassets */ = {isa = PBXFileReference; lastKnownFileType = folder.assetcatalog; path = Assets.xcassets; sourceTree = "<group>"; };
		5ACB2C4A26680A35005B8E0C /* Base */ = {isa = PBXFileReference; lastKnownFileType = file.storyboard; name = Base; path = Base.lproj/LaunchScreen.storyboard; sourceTree = "<group>"; };
		5ACB2C4C26680A35005B8E0C /* Info.plist */ = {isa = PBXFileReference; lastKnownFileType = text.plist.xml; path = Info.plist; sourceTree = "<group>"; };
		80B7BD7A22C1CA2FB543AD14 /* Pods_MoPub_Mediation_Demo.framework */ = {isa = PBXFileReference; explicitFileType = wrapper.framework; includeInIndex = 0; path = Pods_MoPub_Mediation_Demo.framework; sourceTree = BUILT_PRODUCTS_DIR; };
/* End PBXFileReference section */

/* Begin PBXFrameworksBuildPhase section */
		5ACB2C3826680A34005B8E0C /* Frameworks */ = {
			isa = PBXFrameworksBuildPhase;
			buildActionMask = 2147483647;
			files = (
				D5535D117CEC3FE7858536D3 /* Pods_MoPub_Mediation_Demo.framework in Frameworks */,
			);
			runOnlyForDeploymentPostprocessing = 0;
		};
/* End PBXFrameworksBuildPhase section */

/* Begin PBXGroup section */
		5ACB2C3226680A34005B8E0C = {
			isa = PBXGroup;
			children = (
				5ACB2C3D26680A34005B8E0C /* MoPub Mediation Demo */,
				5ACB2C3C26680A34005B8E0C /* Products */,
				745F7619E790D278861C47CD /* Pods */,
				E7C6F1CD9E6C3123A6E91734 /* Frameworks */,
			);
			sourceTree = "<group>";
		};
		5ACB2C3C26680A34005B8E0C /* Products */ = {
			isa = PBXGroup;
			children = (
				5ACB2C3B26680A34005B8E0C /* MoPub Mediation Demo.app */,
			);
			name = Products;
			sourceTree = "<group>";
		};
		5ACB2C3D26680A34005B8E0C /* MoPub Mediation Demo */ = {
			isa = PBXGroup;
			children = (
				5ACB2C3E26680A34005B8E0C /* AppDelegate.swift */,
				5ACB2C4026680A34005B8E0C /* SceneDelegate.swift */,
				5ACB2C4226680A34005B8E0C /* ViewController.swift */,
				5ACB2C4426680A34005B8E0C /* Main.storyboard */,
				5ACB2C4726680A35005B8E0C /* Assets.xcassets */,
				5ACB2C4926680A35005B8E0C /* LaunchScreen.storyboard */,
				5ACB2C4C26680A35005B8E0C /* Info.plist */,
			);
			path = "MoPub Mediation Demo";
			sourceTree = "<group>";
		};
		745F7619E790D278861C47CD /* Pods */ = {
			isa = PBXGroup;
			children = (
				53AC90E89F70DAA2070FF49F /* Pods-MoPub Mediation Demo.debug.xcconfig */,
				5A3F6B2F0C710C6B4A947374 /* Pods-MoPub Mediation Demo.release.xcconfig */,
			);
			name = Pods;
			path = Pods;
			sourceTree = "<group>";
		};
		E7C6F1CD9E6C3123A6E91734 /* Frameworks */ = {
			isa = PBXGroup;
			children = (
				80B7BD7A22C1CA2FB543AD14 /* Pods_MoPub_Mediation_Demo.framework */,
			);
			name = Frameworks;
			sourceTree = "<group>";
		};
/* End PBXGroup section */

/* Begin PBXNativeTarget section */
		5ACB2C3A26680A34005B8E0C /* MoPub Mediation Demo */ = {
			isa = PBXNativeTarget;
			buildConfigurationList = 5ACB2C4F26680A35005B8E0C /* Build configuration list for PBXNativeTarget "MoPub Mediation Demo" */;
			buildPhases = (
				A18844E436B20117105C19B2 /* [CP] Check Pods Manifest.lock */,
				5ACB2C3726680A34005B8E0C /* Sources */,
				5ACB2C3826680A34005B8E0C /* Frameworks */,
				5ACB2C3926680A34005B8E0C /* Resources */,
				42657B5279C29213C5C42CBC /* [CP] Embed Pods Frameworks */,
			);
			buildRules = (
			);
			dependencies = (
			);
			name = "MoPub Mediation Demo";
			productName = "MoPub Mediation Demo";
			productReference = 5ACB2C3B26680A34005B8E0C /* MoPub Mediation Demo.app */;
			productType = "com.apple.product-type.application";
		};
/* End PBXNativeTarget section */

/* Begin PBXProject section */
		5ACB2C3326680A34005B8E0C /* Project object */ = {
			isa = PBXProject;
			attributes = {
				LastSwiftUpdateCheck = 1250;
				LastUpgradeCheck = 1250;
				TargetAttributes = {
					5ACB2C3A26680A34005B8E0C = {
						CreatedOnToolsVersion = 12.5;
					};
				};
			};
			buildConfigurationList = 5ACB2C3626680A34005B8E0C /* Build configuration list for PBXProject "MoPub Mediation Demo" */;
			compatibilityVersion = "Xcode 9.3";
			developmentRegion = en;
			hasScannedForEncodings = 0;
			knownRegions = (
				en,
				Base,
			);
			mainGroup = 5ACB2C3226680A34005B8E0C;
			productRefGroup = 5ACB2C3C26680A34005B8E0C /* Products */;
			projectDirPath = "";
			projectRoot = "";
			targets = (
				5ACB2C3A26680A34005B8E0C /* MoPub Mediation Demo */,
			);
		};
/* End PBXProject section */

/* Begin PBXResourcesBuildPhase section */
		5ACB2C3926680A34005B8E0C /* Resources */ = {
			isa = PBXResourcesBuildPhase;
			buildActionMask = 2147483647;
			files = (
				5ACB2C4B26680A35005B8E0C /* LaunchScreen.storyboard in Resources */,
				5ACB2C4826680A35005B8E0C /* Assets.xcassets in Resources */,
				5ACB2C4626680A34005B8E0C /* Main.storyboard in Resources */,
			);
			runOnlyForDeploymentPostprocessing = 0;
		};
/* End PBXResourcesBuildPhase section */

/* Begin PBXShellScriptBuildPhase section */
		42657B5279C29213C5C42CBC /* [CP] Embed Pods Frameworks */ = {
			isa = PBXShellScriptBuildPhase;
			buildActionMask = 2147483647;
			files = (
			);
			inputFileListPaths = (
				"${PODS_ROOT}/Target Support Files/Pods-MoPub Mediation Demo/Pods-MoPub Mediation Demo-frameworks-${CONFIGURATION}-input-files.xcfilelist",
			);
			name = "[CP] Embed Pods Frameworks";
			outputFileListPaths = (
				"${PODS_ROOT}/Target Support Files/Pods-MoPub Mediation Demo/Pods-MoPub Mediation Demo-frameworks-${CONFIGURATION}-output-files.xcfilelist",
			);
			runOnlyForDeploymentPostprocessing = 0;
			shellPath = /bin/sh;
			shellScript = "\"${PODS_ROOT}/Target Support Files/Pods-MoPub Mediation Demo/Pods-MoPub Mediation Demo-frameworks.sh\"\n";
			showEnvVarsInLog = 0;
		};
		A18844E436B20117105C19B2 /* [CP] Check Pods Manifest.lock */ = {
			isa = PBXShellScriptBuildPhase;
			buildActionMask = 2147483647;
			files = (
			);
			inputFileListPaths = (
			);
			inputPaths = (
				"${PODS_PODFILE_DIR_PATH}/Podfile.lock",
				"${PODS_ROOT}/Manifest.lock",
			);
			name = "[CP] Check Pods Manifest.lock";
			outputFileListPaths = (
			);
			outputPaths = (
				"$(DERIVED_FILE_DIR)/Pods-MoPub Mediation Demo-checkManifestLockResult.txt",
			);
			runOnlyForDeploymentPostprocessing = 0;
			shellPath = /bin/sh;
			shellScript = "diff \"${PODS_PODFILE_DIR_PATH}/Podfile.lock\" \"${PODS_ROOT}/Manifest.lock\" > /dev/null\nif [ $? != 0 ] ; then\n    # print error to STDERR\n    echo \"error: The sandbox is not in sync with the Podfile.lock. Run 'pod install' or update your CocoaPods installation.\" >&2\n    exit 1\nfi\n# This output is used by Xcode 'outputs' to avoid re-running this script phase.\necho \"SUCCESS\" > \"${SCRIPT_OUTPUT_FILE_0}\"\n";
			showEnvVarsInLog = 0;
		};
/* End PBXShellScriptBuildPhase section */

/* Begin PBXSourcesBuildPhase section */
		5ACB2C3726680A34005B8E0C /* Sources */ = {
			isa = PBXSourcesBuildPhase;
			buildActionMask = 2147483647;
			files = (
				5ACB2C4326680A34005B8E0C /* ViewController.swift in Sources */,
				5ACB2C3F26680A34005B8E0C /* AppDelegate.swift in Sources */,
				5ACB2C4126680A34005B8E0C /* SceneDelegate.swift in Sources */,
			);
			runOnlyForDeploymentPostprocessing = 0;
		};
/* End PBXSourcesBuildPhase section */

/* Begin PBXVariantGroup section */
		5ACB2C4426680A34005B8E0C /* Main.storyboard */ = {
			isa = PBXVariantGroup;
			children = (
				5ACB2C4526680A34005B8E0C /* Base */,
			);
			name = Main.storyboard;
			sourceTree = "<group>";
		};
		5ACB2C4926680A35005B8E0C /* LaunchScreen.storyboard */ = {
			isa = PBXVariantGroup;
			children = (
				5ACB2C4A26680A35005B8E0C /* Base */,
			);
			name = LaunchScreen.storyboard;
			sourceTree = "<group>";
		};
/* End PBXVariantGroup section */

/* Begin XCBuildConfiguration section */
		5ACB2C4D26680A35005B8E0C /* Debug */ = {
			isa = XCBuildConfiguration;
			buildSettings = {
				ALWAYS_SEARCH_USER_PATHS = NO;
				CLANG_ANALYZER_NONNULL = YES;
				CLANG_ANALYZER_NUMBER_OBJECT_CONVERSION = YES_AGGRESSIVE;
				CLANG_CXX_LANGUAGE_STANDARD = "gnu++14";
				CLANG_CXX_LIBRARY = "libc++";
				CLANG_ENABLE_MODULES = YES;
				CLANG_ENABLE_OBJC_ARC = YES;
				CLANG_ENABLE_OBJC_WEAK = YES;
				CLANG_WARN_BLOCK_CAPTURE_AUTORELEASING = YES;
				CLANG_WARN_BOOL_CONVERSION = YES;
				CLANG_WARN_COMMA = YES;
				CLANG_WARN_CONSTANT_CONVERSION = YES;
				CLANG_WARN_DEPRECATED_OBJC_IMPLEMENTATIONS = YES;
				CLANG_WARN_DIRECT_OBJC_ISA_USAGE = YES_ERROR;
				CLANG_WARN_DOCUMENTATION_COMMENTS = YES;
				CLANG_WARN_EMPTY_BODY = YES;
				CLANG_WARN_ENUM_CONVERSION = YES;
				CLANG_WARN_INFINITE_RECURSION = YES;
				CLANG_WARN_INT_CONVERSION = YES;
				CLANG_WARN_NON_LITERAL_NULL_CONVERSION = YES;
				CLANG_WARN_OBJC_IMPLICIT_RETAIN_SELF = YES;
				CLANG_WARN_OBJC_LITERAL_CONVERSION = YES;
				CLANG_WARN_OBJC_ROOT_CLASS = YES_ERROR;
				CLANG_WARN_QUOTED_INCLUDE_IN_FRAMEWORK_HEADER = YES;
				CLANG_WARN_RANGE_LOOP_ANALYSIS = YES;
				CLANG_WARN_STRICT_PROTOTYPES = YES;
				CLANG_WARN_SUSPICIOUS_MOVE = YES;
				CLANG_WARN_UNGUARDED_AVAILABILITY = YES_AGGRESSIVE;
				CLANG_WARN_UNREACHABLE_CODE = YES;
				CLANG_WARN__DUPLICATE_METHOD_MATCH = YES;
				COPY_PHASE_STRIP = NO;
				DEBUG_INFORMATION_FORMAT = dwarf;
				ENABLE_STRICT_OBJC_MSGSEND = YES;
				ENABLE_TESTABILITY = YES;
				GCC_C_LANGUAGE_STANDARD = gnu11;
				GCC_DYNAMIC_NO_PIC = NO;
				GCC_NO_COMMON_BLOCKS = YES;
				GCC_OPTIMIZATION_LEVEL = 0;
				GCC_PREPROCESSOR_DEFINITIONS = (
					"DEBUG=1",
					"$(inherited)",
				);
				GCC_WARN_64_TO_32_BIT_CONVERSION = YES;
				GCC_WARN_ABOUT_RETURN_TYPE = YES_ERROR;
				GCC_WARN_UNDECLARED_SELECTOR = YES;
				GCC_WARN_UNINITIALIZED_AUTOS = YES_AGGRESSIVE;
				GCC_WARN_UNUSED_FUNCTION = YES;
				GCC_WARN_UNUSED_VARIABLE = YES;
				IPHONEOS_DEPLOYMENT_TARGET = 14.5;
				MTL_ENABLE_DEBUG_INFO = INCLUDE_SOURCE;
				MTL_FAST_MATH = YES;
				ONLY_ACTIVE_ARCH = YES;
				SDKROOT = iphoneos;
				SWIFT_ACTIVE_COMPILATION_CONDITIONS = DEBUG;
				SWIFT_OPTIMIZATION_LEVEL = "-Onone";
			};
			name = Debug;
		};
		5ACB2C4E26680A35005B8E0C /* Release */ = {
			isa = XCBuildConfiguration;
			buildSettings = {
				ALWAYS_SEARCH_USER_PATHS = NO;
				CLANG_ANALYZER_NONNULL = YES;
				CLANG_ANALYZER_NUMBER_OBJECT_CONVERSION = YES_AGGRESSIVE;
				CLANG_CXX_LANGUAGE_STANDARD = "gnu++14";
				CLANG_CXX_LIBRARY = "libc++";
				CLANG_ENABLE_MODULES = YES;
				CLANG_ENABLE_OBJC_ARC = YES;
				CLANG_ENABLE_OBJC_WEAK = YES;
				CLANG_WARN_BLOCK_CAPTURE_AUTORELEASING = YES;
				CLANG_WARN_BOOL_CONVERSION = YES;
				CLANG_WARN_COMMA = YES;
				CLANG_WARN_CONSTANT_CONVERSION = YES;
				CLANG_WARN_DEPRECATED_OBJC_IMPLEMENTATIONS = YES;
				CLANG_WARN_DIRECT_OBJC_ISA_USAGE = YES_ERROR;
				CLANG_WARN_DOCUMENTATION_COMMENTS = YES;
				CLANG_WARN_EMPTY_BODY = YES;
				CLANG_WARN_ENUM_CONVERSION = YES;
				CLANG_WARN_INFINITE_RECURSION = YES;
				CLANG_WARN_INT_CONVERSION = YES;
				CLANG_WARN_NON_LITERAL_NULL_CONVERSION = YES;
				CLANG_WARN_OBJC_IMPLICIT_RETAIN_SELF = YES;
				CLANG_WARN_OBJC_LITERAL_CONVERSION = YES;
				CLANG_WARN_OBJC_ROOT_CLASS = YES_ERROR;
				CLANG_WARN_QUOTED_INCLUDE_IN_FRAMEWORK_HEADER = YES;
				CLANG_WARN_RANGE_LOOP_ANALYSIS = YES;
				CLANG_WARN_STRICT_PROTOTYPES = YES;
				CLANG_WARN_SUSPICIOUS_MOVE = YES;
				CLANG_WARN_UNGUARDED_AVAILABILITY = YES_AGGRESSIVE;
				CLANG_WARN_UNREACHABLE_CODE = YES;
				CLANG_WARN__DUPLICATE_METHOD_MATCH = YES;
				COPY_PHASE_STRIP = NO;
				DEBUG_INFORMATION_FORMAT = "dwarf-with-dsym";
				ENABLE_NS_ASSERTIONS = NO;
				ENABLE_STRICT_OBJC_MSGSEND = YES;
				GCC_C_LANGUAGE_STANDARD = gnu11;
				GCC_NO_COMMON_BLOCKS = YES;
				GCC_WARN_64_TO_32_BIT_CONVERSION = YES;
				GCC_WARN_ABOUT_RETURN_TYPE = YES_ERROR;
				GCC_WARN_UNDECLARED_SELECTOR = YES;
				GCC_WARN_UNINITIALIZED_AUTOS = YES_AGGRESSIVE;
				GCC_WARN_UNUSED_FUNCTION = YES;
				GCC_WARN_UNUSED_VARIABLE = YES;
				IPHONEOS_DEPLOYMENT_TARGET = 14.5;
				MTL_ENABLE_DEBUG_INFO = NO;
				MTL_FAST_MATH = YES;
				SDKROOT = iphoneos;
				SWIFT_COMPILATION_MODE = wholemodule;
				SWIFT_OPTIMIZATION_LEVEL = "-O";
				VALIDATE_PRODUCT = YES;
			};
			name = Release;
		};
		5ACB2C5026680A35005B8E0C /* Debug */ = {
			isa = XCBuildConfiguration;
			baseConfigurationReference = 53AC90E89F70DAA2070FF49F /* Pods-MoPub Mediation Demo.debug.xcconfig */;
			buildSettings = {
				ASSETCATALOG_COMPILER_APPICON_NAME = AppIcon;
				ASSETCATALOG_COMPILER_GLOBAL_ACCENT_COLOR_NAME = AccentColor;
				CODE_SIGN_STYLE = Automatic;
				DEVELOPMENT_TEAM = TL55SBB4FM;
				INFOPLIST_FILE = "MoPub Mediation Demo/Info.plist";
				LD_RUNPATH_SEARCH_PATHS = (
					"$(inherited)",
					"@executable_path/Frameworks",
				);
				PRODUCT_BUNDLE_IDENTIFIER = "net.pubnative.MoPub-Mediation-Demo";
				PRODUCT_NAME = "$(TARGET_NAME)";
				SWIFT_VERSION = 5.0;
				TARGETED_DEVICE_FAMILY = "1,2";
			};
			name = Debug;
		};
		5ACB2C5126680A35005B8E0C /* Release */ = {
			isa = XCBuildConfiguration;
			baseConfigurationReference = 5A3F6B2F0C710C6B4A947374 /* Pods-MoPub Mediation Demo.release.xcconfig */;
			buildSettings = {
				ASSETCATALOG_COMPILER_APPICON_NAME = AppIcon;
				ASSETCATALOG_COMPILER_GLOBAL_ACCENT_COLOR_NAME = AccentColor;
				CODE_SIGN_STYLE = Automatic;
				DEVELOPMENT_TEAM = TL55SBB4FM;
				INFOPLIST_FILE = "MoPub Mediation Demo/Info.plist";
				LD_RUNPATH_SEARCH_PATHS = (
					"$(inherited)",
					"@executable_path/Frameworks",
				);
				PRODUCT_BUNDLE_IDENTIFIER = "net.pubnative.MoPub-Mediation-Demo";
				PRODUCT_NAME = "$(TARGET_NAME)";
				SWIFT_VERSION = 5.0;
				TARGETED_DEVICE_FAMILY = "1,2";
			};
			name = Release;
		};
/* End XCBuildConfiguration section */

/* Begin XCConfigurationList section */
		5ACB2C3626680A34005B8E0C /* Build configuration list for PBXProject "MoPub Mediation Demo" */ = {
			isa = XCConfigurationList;
			buildConfigurations = (
				5ACB2C4D26680A35005B8E0C /* Debug */,
				5ACB2C4E26680A35005B8E0C /* Release */,
			);
			defaultConfigurationIsVisible = 0;
			defaultConfigurationName = Release;
		};
		5ACB2C4F26680A35005B8E0C /* Build configuration list for PBXNativeTarget "MoPub Mediation Demo" */ = {
			isa = XCConfigurationList;
			buildConfigurations = (
				5ACB2C5026680A35005B8E0C /* Debug */,
				5ACB2C5126680A35005B8E0C /* Release */,
			);
			defaultConfigurationIsVisible = 0;
			defaultConfigurationName = Release;
		};
/* End XCConfigurationList section */
	};
	rootObject = 5ACB2C3326680A34005B8E0C /* Project object */;
}
